
Microsoft Visual Studio Solution File, Format Version 12.00
# Visual Studio Version 17
VisualStudioVersion = 17.10.34928.147
MinimumVisualStudioVersion = 10.0.40219.1
Project("{8BC9CEB8-8B4A-11D0-8D11-00A0C91BC942}") = "test_7_1", "test_7_1\test_7_1.vcxproj", "{AE68E1B0-C59C-4BF4-9DEC-E4E2FCE21EDD}"
EndProject
Global
	GlobalSection(SolutionConfigurationPlatforms) = preSolution
		Debug|x64 = Debug|x64
		Debug|x86 = Debug|x86
		Release|x64 = Release|x64
		Release|x86 = Release|x86
	EndGlobalSection
	GlobalSection(ProjectConfigurationPlatforms) = postSolution
		{AE68E1B0-C59C-4BF4-9DEC-E4E2FCE21EDD}.Debug|x64.ActiveCfg = Debug|x64
		{AE68E1B0-C59C-4BF4-9DEC-E4E2FCE21EDD}.Debug|x64.Build.0 = Debug|x64
		{AE68E1B0-C59C-4BF4-9DEC-E4E2FCE21EDD}.Debug|x86.ActiveCfg = Debug|Win32
		{AE68E1B0-C59C-4BF4-9DEC-E4E2FCE21EDD}.Debug|x86.Build.0 = Debug|Win32
		{AE68E1B0-C59C-4BF4-9DEC-E4E2FCE21EDD}.Release|x64.ActiveCfg = Release|x64
		{AE68E1B0-C59C-4BF4-9DEC-E4E2FCE21EDD}.Release|x64.Build.0 = Release|x64
		{AE68E1B0-C59C-4BF4-9DEC-E4E2FCE21EDD}.Release|x86.ActiveCfg = Release|Win32
		{AE68E1B0-C59C-4BF4-9DEC-E4E2FCE21EDD}.Release|x86.Build.0 = Release|Win32
	EndGlobalSection
	GlobalSection(SolutionProperties) = preSolution
		HideSolutionNode = FALSE
	EndGlobalSection
	GlobalSection(ExtensibilityGlobals) = postSolution
		SolutionGuid = {4F97F727-4AAE-4E39-A7D5-ECF3694AB44B}
	EndGlobalSection
EndGlobal
